
Microsoft Visual Studio Solution File, Format Version 12.00
# Visual Studio Version 16
VisualStudioVersion = 16.0.29806.167
MinimumVisualStudioVersion = 10.0.40219.1
Project("{FAE04EC0-301F-11D3-BF4B-00C04F79EFBC}") = "Atividade3", "Atividade3\Atividade3.csproj", "{389BF37A-5D99-45AB-9941-087896466858}"
EndProject
Global
	GlobalSection(SolutionConfigurationPlatforms) = preSolution
		Debug|Any CPU = Debug|Any CPU
		Release|Any CPU = Release|Any CPU
	EndGlobalSection
	GlobalSection(ProjectConfigurationPlatforms) = postSolution
		{389BF37A-5D99-45AB-9941-087896466858}.Debug|Any CPU.ActiveCfg = Debug|Any CPU
		{389BF37A-5D99-45AB-9941-087896466858}.Debug|Any CPU.Build.0 = Debug|Any CPU
		{389BF37A-5D99-45AB-9941-087896466858}.Release|Any CPU.ActiveCfg = Release|Any CPU
		{389BF37A-5D99-45AB-9941-087896466858}.Release|Any CPU.Build.0 = Release|Any CPU
	EndGlobalSection
	GlobalSection(SolutionProperties) = preSolution
		HideSolutionNode = FALSE
	EndGlobalSection
	GlobalSection(ExtensibilityGlobals) = postSolution
		SolutionGuid = {EF96FEF4-367C-4A86-8DD6-93FF67065898}
	EndGlobalSection
EndGlobal
