
Microsoft Visual Studio Solution File, Format Version 12.00
# Visual Studio Version 16
VisualStudioVersion = 16.0.30104.148
MinimumVisualStudioVersion = 10.0.40219.1
Project("{FAE04EC0-301F-11D3-BF4B-00C04F79EFBC}") = "P30481923042", "P30481923042\P30481923042.csproj", "{B1B3A2AC-1572-4C24-8BD5-E9666485FA5F}"
EndProject
Global
	GlobalSection(SolutionConfigurationPlatforms) = preSolution
		Debug|Any CPU = Debug|Any CPU
		Release|Any CPU = Release|Any CPU
	EndGlobalSection
	GlobalSection(ProjectConfigurationPlatforms) = postSolution
		{B1B3A2AC-1572-4C24-8BD5-E9666485FA5F}.Debug|Any CPU.ActiveCfg = Debug|Any CPU
		{B1B3A2AC-1572-4C24-8BD5-E9666485FA5F}.Debug|Any CPU.Build.0 = Debug|Any CPU
		{B1B3A2AC-1572-4C24-8BD5-E9666485FA5F}.Release|Any CPU.ActiveCfg = Release|Any CPU
		{B1B3A2AC-1572-4C24-8BD5-E9666485FA5F}.Release|Any CPU.Build.0 = Release|Any CPU
	EndGlobalSection
	GlobalSection(SolutionProperties) = preSolution
		HideSolutionNode = FALSE
	EndGlobalSection
	GlobalSection(ExtensibilityGlobals) = postSolution
		SolutionGuid = {1780C78E-CC00-4155-A112-EC5CCCBB2F54}
	EndGlobalSection
EndGlobal
