
Microsoft Visual Studio Solution File, Format Version 12.00
# Visual Studio Version 16
VisualStudioVersion = 16.0.30104.148
MinimumVisualStudioVersion = 10.0.40219.1
Project("{FAE04EC0-301F-11D3-BF4B-00C04F79EFBC}") = "Atividade7", "Atividade7\Atividade7.csproj", "{29B84D5A-9842-4F86-A9B1-DD8B80F71844}"
EndProject
Global
	GlobalSection(SolutionConfigurationPlatforms) = preSolution
		Debug|Any CPU = Debug|Any CPU
		Release|Any CPU = Release|Any CPU
	EndGlobalSection
	GlobalSection(ProjectConfigurationPlatforms) = postSolution
		{29B84D5A-9842-4F86-A9B1-DD8B80F71844}.Debug|Any CPU.ActiveCfg = Debug|Any CPU
		{29B84D5A-9842-4F86-A9B1-DD8B80F71844}.Debug|Any CPU.Build.0 = Debug|Any CPU
		{29B84D5A-9842-4F86-A9B1-DD8B80F71844}.Release|Any CPU.ActiveCfg = Release|Any CPU
		{29B84D5A-9842-4F86-A9B1-DD8B80F71844}.Release|Any CPU.Build.0 = Release|Any CPU
	EndGlobalSection
	GlobalSection(SolutionProperties) = preSolution
		HideSolutionNode = FALSE
	EndGlobalSection
	GlobalSection(ExtensibilityGlobals) = postSolution
		SolutionGuid = {845639C7-711A-45F2-893B-F02A78DEBEB8}
	EndGlobalSection
EndGlobal
